
Microsoft Visual Studio Solution File, Format Version 12.00
# Visual Studio Version 16
VisualStudioVersion = 16.0.30621.155
MinimumVisualStudioVersion = 10.0.40219.1
Project("{9A19103F-16F7-4668-BE54-9A1E7A4F7556}") = "LabReactjsDemo", "LabReactjsDemo.csproj", "{2F9A46A8-2E34-4A0A-8A5A-9DEF388CC1F8}"
EndProject
Project("{FAE04EC0-301F-11D3-BF4B-00C04F79EFBC}") = "SpecFlowFeatures", "..\SpecFlowFeatures\SpecFlowFeatures.csproj", "{89FA3106-885C-4AEA-A2A5-28A158747098}"
EndProject
Global
	GlobalSection(SolutionConfigurationPlatforms) = preSolution
		Debug|Any CPU = Debug|Any CPU
		Release|Any CPU = Release|Any CPU
	EndGlobalSection
	GlobalSection(ProjectConfigurationPlatforms) = postSolution
		{2F9A46A8-2E34-4A0A-8A5A-9DEF388CC1F8}.Debug|Any CPU.ActiveCfg = Debug|Any CPU
		{2F9A46A8-2E34-4A0A-8A5A-9DEF388CC1F8}.Debug|Any CPU.Build.0 = Debug|Any CPU
		{2F9A46A8-2E34-4A0A-8A5A-9DEF388CC1F8}.Release|Any CPU.ActiveCfg = Release|Any CPU
		{2F9A46A8-2E34-4A0A-8A5A-9DEF388CC1F8}.Release|Any CPU.Build.0 = Release|Any CPU
		{89FA3106-885C-4AEA-A2A5-28A158747098}.Debug|Any CPU.ActiveCfg = Debug|Any CPU
		{89FA3106-885C-4AEA-A2A5-28A158747098}.Debug|Any CPU.Build.0 = Debug|Any CPU
		{89FA3106-885C-4AEA-A2A5-28A158747098}.Release|Any CPU.ActiveCfg = Release|Any CPU
		{89FA3106-885C-4AEA-A2A5-28A158747098}.Release|Any CPU.Build.0 = Release|Any CPU
	EndGlobalSection
	GlobalSection(SolutionProperties) = preSolution
		HideSolutionNode = FALSE
	EndGlobalSection
	GlobalSection(ExtensibilityGlobals) = postSolution
		SolutionGuid = {A68644D9-0D8E-4BAB-AC3C-5E6F26D77895}
	EndGlobalSection
EndGlobal
